
Microsoft Visual Studio Solution File, Format Version 12.00
# Visual Studio 15
VisualStudioVersion = 15.0.28010.2048
MinimumVisualStudioVersion = 10.0.40219.1
Project("{FAE04EC0-301F-11D3-BF4B-00C04F79EFBC}") = "TemplateXamarinForms.Droid", "TemplateXamarinForms\TemplateXamarinForms.Android\TemplateXamarinForms.Droid.csproj", "{0795FD29-D122-48F5-9856-9A0E415A7270}"
EndProject
Project("{FAE04EC0-301F-11D3-BF4B-00C04F79EFBC}") = "TemplateXamarinForms.iOS", "TemplateXamarinForms\TemplateXamarinForms.iOS\TemplateXamarinForms.iOS.csproj", "{C841C193-8818-41BB-AD10-DE194C2CA363}"
EndProject
Project("{FAE04EC0-301F-11D3-BF4B-00C04F79EFBC}") = "TemplateXamarinForms.UWP", "TemplateXamarinForms\TemplateXamarinForms.UWP\TemplateXamarinForms.UWP.csproj", "{DA407E48-70F4-4D9F-8104-DA55A0B6EC92}"
EndProject
Project("{9A19103F-16F7-4668-BE54-9A1E7A4F7556}") = "TemplateXamarinForms.Core", "TemplateXamarinForms\TemplateXamarinForms\TemplateXamarinForms.Core.csproj", "{6DA1F7E8-29DF-48CA-8AA8-6D80230F0DE3}"
EndProject
Project("{9A19103F-16F7-4668-BE54-9A1E7A4F7556}") = "TemplateXamarinForms.Core.UI", "TemplateXamarinForms\TemplateXamarinForms.Core.UI\TemplateXamarinForms.Core.UI.csproj", "{1414DE7D-46E5-4C9B-B70F-DD074EAD9527}"
EndProject
Project("{2150E333-8FDC-42A3-9474-1A3956D46DE8}") = "Platforms", "Platforms", "{BF00E3DD-C393-4F56-827C-1F2C22C81451}"
EndProject
Project("{2150E333-8FDC-42A3-9474-1A3956D46DE8}") = "Core", "Core", "{E48D3231-A869-4F62-99F5-882F5B0E3B0E}"
EndProject
Project("{2150E333-8FDC-42A3-9474-1A3956D46DE8}") = "DAL", "DAL", "{5E4C74D9-B389-4A5B-8B9C-51CD76D73085}"
EndProject
Project("{9A19103F-16F7-4668-BE54-9A1E7A4F7556}") = "TemplateXamarinForms.Models", "TemplateXamarinForms.Models\TemplateXamarinForms.Models.csproj", "{DEE25EF3-C0D1-4BE2-9A31-D29EC39D7783}"
EndProject
Project("{2150E333-8FDC-42A3-9474-1A3956D46DE8}") = "BLL", "BLL", "{88764124-F2D1-4DD7-B8AE-3CCCA45DA14D}"
EndProject
Project("{9A19103F-16F7-4668-BE54-9A1E7A4F7556}") = "TemplateXamarinForms.Interfaces", "TemplateXamarinForms.Interfaces\TemplateXamarinForms.Interfaces.csproj", "{D325D296-3E75-4BEB-B935-A423367900A5}"
EndProject
Project("{9A19103F-16F7-4668-BE54-9A1E7A4F7556}") = "TemplateXamarinForms.Services", "TemplateXamarinForms.Service\TemplateXamarinForms.Services.csproj", "{40DA164B-6125-4E95-AECA-CFF1A716F14D}"
EndProject
Project("{FAE04EC0-301F-11D3-BF4B-00C04F79EFBC}") = "TemplateXamarinForms.ViewModels", "TemplateXamarinForms.ViewModels\TemplateXamarinForms.ViewModels.csproj", "{C63C6615-910B-450C-9AAB-3D2EF47E8E94}"
EndProject
Global
	GlobalSection(SolutionConfigurationPlatforms) = preSolution
		Ad-Hoc|Any CPU = Ad-Hoc|Any CPU
		Ad-Hoc|ARM = Ad-Hoc|ARM
		Ad-Hoc|iPhone = Ad-Hoc|iPhone
		Ad-Hoc|iPhoneSimulator = Ad-Hoc|iPhoneSimulator
		Ad-Hoc|x64 = Ad-Hoc|x64
		Ad-Hoc|x86 = Ad-Hoc|x86
		AppStore|Any CPU = AppStore|Any CPU
		AppStore|ARM = AppStore|ARM
		AppStore|iPhone = AppStore|iPhone
		AppStore|iPhoneSimulator = AppStore|iPhoneSimulator
		AppStore|x64 = AppStore|x64
		AppStore|x86 = AppStore|x86
		Debug|Any CPU = Debug|Any CPU
		Debug|ARM = Debug|ARM
		Debug|iPhone = Debug|iPhone
		Debug|iPhoneSimulator = Debug|iPhoneSimulator
		Debug|x64 = Debug|x64
		Debug|x86 = Debug|x86
		Release|Any CPU = Release|Any CPU
		Release|ARM = Release|ARM
		Release|iPhone = Release|iPhone
		Release|iPhoneSimulator = Release|iPhoneSimulator
		Release|x64 = Release|x64
		Release|x86 = Release|x86
	EndGlobalSection
	GlobalSection(ProjectConfigurationPlatforms) = postSolution
		{0795FD29-D122-48F5-9856-9A0E415A7270}.Ad-Hoc|Any CPU.ActiveCfg = Release|Any CPU
		{0795FD29-D122-48F5-9856-9A0E415A7270}.Ad-Hoc|Any CPU.Build.0 = Release|Any CPU
		{0795FD29-D122-48F5-9856-9A0E415A7270}.Ad-Hoc|Any CPU.Deploy.0 = Release|Any CPU
		{0795FD29-D122-48F5-9856-9A0E415A7270}.Ad-Hoc|ARM.ActiveCfg = Release|Any CPU
		{0795FD29-D122-48F5-9856-9A0E415A7270}.Ad-Hoc|ARM.Build.0 = Release|Any CPU
		{0795FD29-D122-48F5-9856-9A0E415A7270}.Ad-Hoc|ARM.Deploy.0 = Release|Any CPU
		{0795FD29-D122-48F5-9856-9A0E415A7270}.Ad-Hoc|iPhone.ActiveCfg = Release|Any CPU
		{0795FD29-D122-48F5-9856-9A0E415A7270}.Ad-Hoc|iPhone.Build.0 = Release|Any CPU
		{0795FD29-D122-48F5-9856-9A0E415A7270}.Ad-Hoc|iPhone.Deploy.0 = Release|Any CPU
		{0795FD29-D122-48F5-9856-9A0E415A7270}.Ad-Hoc|iPhoneSimulator.ActiveCfg = Release|Any CPU
		{0795FD29-D122-48F5-9856-9A0E415A7270}.Ad-Hoc|iPhoneSimulator.Build.0 = Release|Any CPU
		{0795FD29-D122-48F5-9856-9A0E415A7270}.Ad-Hoc|iPhoneSimulator.Deploy.0 = Release|Any CPU
		{0795FD29-D122-48F5-9856-9A0E415A7270}.Ad-Hoc|x64.ActiveCfg = Release|Any CPU
		{0795FD29-D122-48F5-9856-9A0E415A7270}.Ad-Hoc|x64.Build.0 = Release|Any CPU
		{0795FD29-D122-48F5-9856-9A0E415A7270}.Ad-Hoc|x64.Deploy.0 = Release|Any CPU
		{0795FD29-D122-48F5-9856-9A0E415A7270}.Ad-Hoc|x86.ActiveCfg = Release|Any CPU
		{0795FD29-D122-48F5-9856-9A0E415A7270}.Ad-Hoc|x86.Build.0 = Release|Any CPU
		{0795FD29-D122-48F5-9856-9A0E415A7270}.Ad-Hoc|x86.Deploy.0 = Release|Any CPU
		{0795FD29-D122-48F5-9856-9A0E415A7270}.AppStore|Any CPU.ActiveCfg = Release|Any CPU
		{0795FD29-D122-48F5-9856-9A0E415A7270}.AppStore|Any CPU.Build.0 = Release|Any CPU
		{0795FD29-D122-48F5-9856-9A0E415A7270}.AppStore|Any CPU.Deploy.0 = Release|Any CPU
		{0795FD29-D122-48F5-9856-9A0E415A7270}.AppStore|ARM.ActiveCfg = Release|Any CPU
		{0795FD29-D122-48F5-9856-9A0E415A7270}.AppStore|ARM.Build.0 = Release|Any CPU
		{0795FD29-D122-48F5-9856-9A0E415A7270}.AppStore|ARM.Deploy.0 = Release|Any CPU
		{0795FD29-D122-48F5-9856-9A0E415A7270}.AppStore|iPhone.ActiveCfg = Release|Any CPU
		{0795FD29-D122-48F5-9856-9A0E415A7270}.AppStore|iPhone.Build.0 = Release|Any CPU
		{0795FD29-D122-48F5-9856-9A0E415A7270}.AppStore|iPhone.Deploy.0 = Release|Any CPU
		{0795FD29-D122-48F5-9856-9A0E415A7270}.AppStore|iPhoneSimulator.ActiveCfg = Release|Any CPU
		{0795FD29-D122-48F5-9856-9A0E415A7270}.AppStore|iPhoneSimulator.Build.0 = Release|Any CPU
		{0795FD29-D122-48F5-9856-9A0E415A7270}.AppStore|iPhoneSimulator.Deploy.0 = Release|Any CPU
		{0795FD29-D122-48F5-9856-9A0E415A7270}.AppStore|x64.ActiveCfg = Release|Any CPU
		{0795FD29-D122-48F5-9856-9A0E415A7270}.AppStore|x64.Build.0 = Release|Any CPU
		{0795FD29-D122-48F5-9856-9A0E415A7270}.AppStore|x64.Deploy.0 = Release|Any CPU
		{0795FD29-D122-48F5-9856-9A0E415A7270}.AppStore|x86.ActiveCfg = Release|Any CPU
		{0795FD29-D122-48F5-9856-9A0E415A7270}.AppStore|x86.Build.0 = Release|Any CPU
		{0795FD29-D122-48F5-9856-9A0E415A7270}.AppStore|x86.Deploy.0 = Release|Any CPU
		{0795FD29-D122-48F5-9856-9A0E415A7270}.Debug|Any CPU.ActiveCfg = Debug|Any CPU
		{0795FD29-D122-48F5-9856-9A0E415A7270}.Debug|Any CPU.Build.0 = Debug|Any CPU
		{0795FD29-D122-48F5-9856-9A0E415A7270}.Debug|Any CPU.Deploy.0 = Debug|Any CPU
		{0795FD29-D122-48F5-9856-9A0E415A7270}.Debug|ARM.ActiveCfg = Debug|Any CPU
		{0795FD29-D122-48F5-9856-9A0E415A7270}.Debug|ARM.Build.0 = Debug|Any CPU
		{0795FD29-D122-48F5-9856-9A0E415A7270}.Debug|ARM.Deploy.0 = Debug|Any CPU
		{0795FD29-D122-48F5-9856-9A0E415A7270}.Debug|iPhone.ActiveCfg = Debug|Any CPU
		{0795FD29-D122-48F5-9856-9A0E415A7270}.Debug|iPhone.Build.0 = Debug|Any CPU
		{0795FD29-D122-48F5-9856-9A0E415A7270}.Debug|iPhone.Deploy.0 = Debug|Any CPU
		{0795FD29-D122-48F5-9856-9A0E415A7270}.Debug|iPhoneSimulator.ActiveCfg = Debug|Any CPU
		{0795FD29-D122-48F5-9856-9A0E415A7270}.Debug|iPhoneSimulator.Build.0 = Debug|Any CPU
		{0795FD29-D122-48F5-9856-9A0E415A7270}.Debug|iPhoneSimulator.Deploy.0 = Debug|Any CPU
		{0795FD29-D122-48F5-9856-9A0E415A7270}.Debug|x64.ActiveCfg = Debug|Any CPU
		{0795FD29-D122-48F5-9856-9A0E415A7270}.Debug|x64.Build.0 = Debug|Any CPU
		{0795FD29-D122-48F5-9856-9A0E415A7270}.Debug|x64.Deploy.0 = Debug|Any CPU
		{0795FD29-D122-48F5-9856-9A0E415A7270}.Debug|x86.ActiveCfg = Debug|Any CPU
		{0795FD29-D122-48F5-9856-9A0E415A7270}.Debug|x86.Build.0 = Debug|Any CPU
		{0795FD29-D122-48F5-9856-9A0E415A7270}.Debug|x86.Deploy.0 = Debug|Any CPU
		{0795FD29-D122-48F5-9856-9A0E415A7270}.Release|Any CPU.ActiveCfg = Release|Any CPU
		{0795FD29-D122-48F5-9856-9A0E415A7270}.Release|Any CPU.Build.0 = Release|Any CPU
		{0795FD29-D122-48F5-9856-9A0E415A7270}.Release|Any CPU.Deploy.0 = Release|Any CPU
		{0795FD29-D122-48F5-9856-9A0E415A7270}.Release|ARM.ActiveCfg = Release|Any CPU
		{0795FD29-D122-48F5-9856-9A0E415A7270}.Release|ARM.Build.0 = Release|Any CPU
		{0795FD29-D122-48F5-9856-9A0E415A7270}.Release|ARM.Deploy.0 = Release|Any CPU
		{0795FD29-D122-48F5-9856-9A0E415A7270}.Release|iPhone.ActiveCfg = Release|Any CPU
		{0795FD29-D122-48F5-9856-9A0E415A7270}.Release|iPhone.Build.0 = Release|Any CPU
		{0795FD29-D122-48F5-9856-9A0E415A7270}.Release|iPhone.Deploy.0 = Release|Any CPU
		{0795FD29-D122-48F5-9856-9A0E415A7270}.Release|iPhoneSimulator.ActiveCfg = Release|Any CPU
		{0795FD29-D122-48F5-9856-9A0E415A7270}.Release|iPhoneSimulator.Build.0 = Release|Any CPU
		{0795FD29-D122-48F5-9856-9A0E415A7270}.Release|iPhoneSimulator.Deploy.0 = Release|Any CPU
		{0795FD29-D122-48F5-9856-9A0E415A7270}.Release|x64.ActiveCfg = Release|Any CPU
		{0795FD29-D122-48F5-9856-9A0E415A7270}.Release|x64.Build.0 = Release|Any CPU
		{0795FD29-D122-48F5-9856-9A0E415A7270}.Release|x64.Deploy.0 = Release|Any CPU
		{0795FD29-D122-48F5-9856-9A0E415A7270}.Release|x86.ActiveCfg = Release|Any CPU
		{0795FD29-D122-48F5-9856-9A0E415A7270}.Release|x86.Build.0 = Release|Any CPU
		{0795FD29-D122-48F5-9856-9A0E415A7270}.Release|x86.Deploy.0 = Release|Any CPU
		{C841C193-8818-41BB-AD10-DE194C2CA363}.Ad-Hoc|Any CPU.ActiveCfg = Ad-Hoc|iPhone
		{C841C193-8818-41BB-AD10-DE194C2CA363}.Ad-Hoc|Any CPU.Build.0 = Ad-Hoc|iPhone
		{C841C193-8818-41BB-AD10-DE194C2CA363}.Ad-Hoc|Any CPU.Deploy.0 = Ad-Hoc|iPhone
		{C841C193-8818-41BB-AD10-DE194C2CA363}.Ad-Hoc|ARM.ActiveCfg = Ad-Hoc|iPhone
		{C841C193-8818-41BB-AD10-DE194C2CA363}.Ad-Hoc|ARM.Build.0 = Ad-Hoc|iPhone
		{C841C193-8818-41BB-AD10-DE194C2CA363}.Ad-Hoc|ARM.Deploy.0 = Ad-Hoc|iPhone
		{C841C193-8818-41BB-AD10-DE194C2CA363}.Ad-Hoc|iPhone.ActiveCfg = Ad-Hoc|iPhone
		{C841C193-8818-41BB-AD10-DE194C2CA363}.Ad-Hoc|iPhone.Build.0 = Ad-Hoc|iPhone
		{C841C193-8818-41BB-AD10-DE194C2CA363}.Ad-Hoc|iPhone.Deploy.0 = Ad-Hoc|iPhone
		{C841C193-8818-41BB-AD10-DE194C2CA363}.Ad-Hoc|iPhoneSimulator.ActiveCfg = Ad-Hoc|iPhoneSimulator
		{C841C193-8818-41BB-AD10-DE194C2CA363}.Ad-Hoc|iPhoneSimulator.Build.0 = Ad-Hoc|iPhoneSimulator
		{C841C193-8818-41BB-AD10-DE194C2CA363}.Ad-Hoc|iPhoneSimulator.Deploy.0 = Ad-Hoc|iPhoneSimulator
		{C841C193-8818-41BB-AD10-DE194C2CA363}.Ad-Hoc|x64.ActiveCfg = Ad-Hoc|iPhone
		{C841C193-8818-41BB-AD10-DE194C2CA363}.Ad-Hoc|x64.Build.0 = Ad-Hoc|iPhone
		{C841C193-8818-41BB-AD10-DE194C2CA363}.Ad-Hoc|x64.Deploy.0 = Ad-Hoc|iPhone
		{C841C193-8818-41BB-AD10-DE194C2CA363}.Ad-Hoc|x86.ActiveCfg = Ad-Hoc|iPhone
		{C841C193-8818-41BB-AD10-DE194C2CA363}.Ad-Hoc|x86.Build.0 = Ad-Hoc|iPhone
		{C841C193-8818-41BB-AD10-DE194C2CA363}.Ad-Hoc|x86.Deploy.0 = Ad-Hoc|iPhone
		{C841C193-8818-41BB-AD10-DE194C2CA363}.AppStore|Any CPU.ActiveCfg = AppStore|iPhone
		{C841C193-8818-41BB-AD10-DE194C2CA363}.AppStore|Any CPU.Build.0 = AppStore|iPhone
		{C841C193-8818-41BB-AD10-DE194C2CA363}.AppStore|Any CPU.Deploy.0 = AppStore|iPhone
		{C841C193-8818-41BB-AD10-DE194C2CA363}.AppStore|ARM.ActiveCfg = AppStore|iPhone
		{C841C193-8818-41BB-AD10-DE194C2CA363}.AppStore|ARM.Build.0 = AppStore|iPhone
		{C841C193-8818-41BB-AD10-DE194C2CA363}.AppStore|ARM.Deploy.0 = AppStore|iPhone
		{C841C193-8818-41BB-AD10-DE194C2CA363}.AppStore|iPhone.ActiveCfg = AppStore|iPhone
		{C841C193-8818-41BB-AD10-DE194C2CA363}.AppStore|iPhone.Build.0 = AppStore|iPhone
		{C841C193-8818-41BB-AD10-DE194C2CA363}.AppStore|iPhone.Deploy.0 = AppStore|iPhone
		{C841C193-8818-41BB-AD10-DE194C2CA363}.AppStore|iPhoneSimulator.ActiveCfg = AppStore|iPhoneSimulator
		{C841C193-8818-41BB-AD10-DE194C2CA363}.AppStore|iPhoneSimulator.Build.0 = AppStore|iPhoneSimulator
		{C841C193-8818-41BB-AD10-DE194C2CA363}.AppStore|iPhoneSimulator.Deploy.0 = AppStore|iPhoneSimulator
		{C841C193-8818-41BB-AD10-DE194C2CA363}.AppStore|x64.ActiveCfg = AppStore|iPhone
		{C841C193-8818-41BB-AD10-DE194C2CA363}.AppStore|x64.Build.0 = AppStore|iPhone
		{C841C193-8818-41BB-AD10-DE194C2CA363}.AppStore|x64.Deploy.0 = AppStore|iPhone
		{C841C193-8818-41BB-AD10-DE194C2CA363}.AppStore|x86.ActiveCfg = AppStore|iPhone
		{C841C193-8818-41BB-AD10-DE194C2CA363}.AppStore|x86.Build.0 = AppStore|iPhone
		{C841C193-8818-41BB-AD10-DE194C2CA363}.AppStore|x86.Deploy.0 = AppStore|iPhone
		{C841C193-8818-41BB-AD10-DE194C2CA363}.Debug|Any CPU.ActiveCfg = Debug|iPhoneSimulator
		{C841C193-8818-41BB-AD10-DE194C2CA363}.Debug|Any CPU.Build.0 = Debug|iPhoneSimulator
		{C841C193-8818-41BB-AD10-DE194C2CA363}.Debug|Any CPU.Deploy.0 = Debug|iPhoneSimulator
		{C841C193-8818-41BB-AD10-DE194C2CA363}.Debug|ARM.ActiveCfg = Debug|iPhone
		{C841C193-8818-41BB-AD10-DE194C2CA363}.Debug|ARM.Build.0 = Debug|iPhone
		{C841C193-8818-41BB-AD10-DE194C2CA363}.Debug|ARM.Deploy.0 = Debug|iPhone
		{C841C193-8818-41BB-AD10-DE194C2CA363}.Debug|iPhone.ActiveCfg = Debug|iPhone
		{C841C193-8818-41BB-AD10-DE194C2CA363}.Debug|iPhone.Build.0 = Debug|iPhone
		{C841C193-8818-41BB-AD10-DE194C2CA363}.Debug|iPhone.Deploy.0 = Debug|iPhone
		{C841C193-8818-41BB-AD10-DE194C2CA363}.Debug|iPhoneSimulator.ActiveCfg = Debug|iPhoneSimulator
		{C841C193-8818-41BB-AD10-DE194C2CA363}.Debug|iPhoneSimulator.Build.0 = Debug|iPhoneSimulator
		{C841C193-8818-41BB-AD10-DE194C2CA363}.Debug|iPhoneSimulator.Deploy.0 = Debug|iPhoneSimulator
		{C841C193-8818-41BB-AD10-DE194C2CA363}.Debug|x64.ActiveCfg = Debug|iPhone
		{C841C193-8818-41BB-AD10-DE194C2CA363}.Debug|x64.Build.0 = Debug|iPhone
		{C841C193-8818-41BB-AD10-DE194C2CA363}.Debug|x64.Deploy.0 = Debug|iPhone
		{C841C193-8818-41BB-AD10-DE194C2CA363}.Debug|x86.ActiveCfg = Debug|iPhone
		{C841C193-8818-41BB-AD10-DE194C2CA363}.Debug|x86.Build.0 = Debug|iPhone
		{C841C193-8818-41BB-AD10-DE194C2CA363}.Debug|x86.Deploy.0 = Debug|iPhone
		{C841C193-8818-41BB-AD10-DE194C2CA363}.Release|Any CPU.ActiveCfg = Release|iPhone
		{C841C193-8818-41BB-AD10-DE194C2CA363}.Release|Any CPU.Build.0 = Release|iPhone
		{C841C193-8818-41BB-AD10-DE194C2CA363}.Release|Any CPU.Deploy.0 = Release|iPhone
		{C841C193-8818-41BB-AD10-DE194C2CA363}.Release|ARM.ActiveCfg = Release|iPhone
		{C841C193-8818-41BB-AD10-DE194C2CA363}.Release|ARM.Build.0 = Release|iPhone
		{C841C193-8818-41BB-AD10-DE194C2CA363}.Release|ARM.Deploy.0 = Release|iPhone
		{C841C193-8818-41BB-AD10-DE194C2CA363}.Release|iPhone.ActiveCfg = Release|iPhone
		{C841C193-8818-41BB-AD10-DE194C2CA363}.Release|iPhone.Build.0 = Release|iPhone
		{C841C193-8818-41BB-AD10-DE194C2CA363}.Release|iPhone.Deploy.0 = Release|iPhone
		{C841C193-8818-41BB-AD10-DE194C2CA363}.Release|iPhoneSimulator.ActiveCfg = Release|iPhoneSimulator
		{C841C193-8818-41BB-AD10-DE194C2CA363}.Release|iPhoneSimulator.Build.0 = Release|iPhoneSimulator
		{C841C193-8818-41BB-AD10-DE194C2CA363}.Release|iPhoneSimulator.Deploy.0 = Release|iPhoneSimulator
		{C841C193-8818-41BB-AD10-DE194C2CA363}.Release|x64.ActiveCfg = Release|iPhone
		{C841C193-8818-41BB-AD10-DE194C2CA363}.Release|x64.Build.0 = Release|iPhone
		{C841C193-8818-41BB-AD10-DE194C2CA363}.Release|x64.Deploy.0 = Release|iPhone
		{C841C193-8818-41BB-AD10-DE194C2CA363}.Release|x86.ActiveCfg = Release|iPhone
		{C841C193-8818-41BB-AD10-DE194C2CA363}.Release|x86.Build.0 = Release|iPhone
		{C841C193-8818-41BB-AD10-DE194C2CA363}.Release|x86.Deploy.0 = Release|iPhone
		{DA407E48-70F4-4D9F-8104-DA55A0B6EC92}.Ad-Hoc|Any CPU.ActiveCfg = Release|x86
		{DA407E48-70F4-4D9F-8104-DA55A0B6EC92}.Ad-Hoc|Any CPU.Build.0 = Release|x86
		{DA407E48-70F4-4D9F-8104-DA55A0B6EC92}.Ad-Hoc|Any CPU.Deploy.0 = Release|x86
		{DA407E48-70F4-4D9F-8104-DA55A0B6EC92}.Ad-Hoc|ARM.ActiveCfg = Release|ARM
		{DA407E48-70F4-4D9F-8104-DA55A0B6EC92}.Ad-Hoc|ARM.Build.0 = Release|ARM
		{DA407E48-70F4-4D9F-8104-DA55A0B6EC92}.Ad-Hoc|ARM.Deploy.0 = Release|ARM
		{DA407E48-70F4-4D9F-8104-DA55A0B6EC92}.Ad-Hoc|iPhone.ActiveCfg = Release|x86
		{DA407E48-70F4-4D9F-8104-DA55A0B6EC92}.Ad-Hoc|iPhone.Build.0 = Release|x86
		{DA407E48-70F4-4D9F-8104-DA55A0B6EC92}.Ad-Hoc|iPhone.Deploy.0 = Release|x86
		{DA407E48-70F4-4D9F-8104-DA55A0B6EC92}.Ad-Hoc|iPhoneSimulator.ActiveCfg = Release|x86
		{DA407E48-70F4-4D9F-8104-DA55A0B6EC92}.Ad-Hoc|iPhoneSimulator.Build.0 = Release|x86
		{DA407E48-70F4-4D9F-8104-DA55A0B6EC92}.Ad-Hoc|iPhoneSimulator.Deploy.0 = Release|x86
		{DA407E48-70F4-4D9F-8104-DA55A0B6EC92}.Ad-Hoc|x64.ActiveCfg = Release|x64
		{DA407E48-70F4-4D9F-8104-DA55A0B6EC92}.Ad-Hoc|x64.Build.0 = Release|x64
		{DA407E48-70F4-4D9F-8104-DA55A0B6EC92}.Ad-Hoc|x64.Deploy.0 = Release|x64
		{DA407E48-70F4-4D9F-8104-DA55A0B6EC92}.Ad-Hoc|x86.ActiveCfg = Release|x86
		{DA407E48-70F4-4D9F-8104-DA55A0B6EC92}.Ad-Hoc|x86.Build.0 = Release|x86
		{DA407E48-70F4-4D9F-8104-DA55A0B6EC92}.Ad-Hoc|x86.Deploy.0 = Release|x86
		{DA407E48-70F4-4D9F-8104-DA55A0B6EC92}.AppStore|Any CPU.ActiveCfg = Release|x86
		{DA407E48-70F4-4D9F-8104-DA55A0B6EC92}.AppStore|Any CPU.Build.0 = Release|x86
		{DA407E48-70F4-4D9F-8104-DA55A0B6EC92}.AppStore|Any CPU.Deploy.0 = Release|x86
		{DA407E48-70F4-4D9F-8104-DA55A0B6EC92}.AppStore|ARM.ActiveCfg = Release|ARM
		{DA407E48-70F4-4D9F-8104-DA55A0B6EC92}.AppStore|ARM.Build.0 = Release|ARM
		{DA407E48-70F4-4D9F-8104-DA55A0B6EC92}.AppStore|ARM.Deploy.0 = Release|ARM
		{DA407E48-70F4-4D9F-8104-DA55A0B6EC92}.AppStore|iPhone.ActiveCfg = Release|x86
		{DA407E48-70F4-4D9F-8104-DA55A0B6EC92}.AppStore|iPhone.Build.0 = Release|x86
		{DA407E48-70F4-4D9F-8104-DA55A0B6EC92}.AppStore|iPhone.Deploy.0 = Release|x86
		{DA407E48-70F4-4D9F-8104-DA55A0B6EC92}.AppStore|iPhoneSimulator.ActiveCfg = Release|x86
		{DA407E48-70F4-4D9F-8104-DA55A0B6EC92}.AppStore|iPhoneSimulator.Build.0 = Release|x86
		{DA407E48-70F4-4D9F-8104-DA55A0B6EC92}.AppStore|iPhoneSimulator.Deploy.0 = Release|x86
		{DA407E48-70F4-4D9F-8104-DA55A0B6EC92}.AppStore|x64.ActiveCfg = Release|x64
		{DA407E48-70F4-4D9F-8104-DA55A0B6EC92}.AppStore|x64.Build.0 = Release|x64
		{DA407E48-70F4-4D9F-8104-DA55A0B6EC92}.AppStore|x64.Deploy.0 = Release|x64
		{DA407E48-70F4-4D9F-8104-DA55A0B6EC92}.AppStore|x86.ActiveCfg = Release|x86
		{DA407E48-70F4-4D9F-8104-DA55A0B6EC92}.AppStore|x86.Build.0 = Release|x86
		{DA407E48-70F4-4D9F-8104-DA55A0B6EC92}.AppStore|x86.Deploy.0 = Release|x86
		{DA407E48-70F4-4D9F-8104-DA55A0B6EC92}.Debug|Any CPU.ActiveCfg = Debug|x86
		{DA407E48-70F4-4D9F-8104-DA55A0B6EC92}.Debug|Any CPU.Build.0 = Debug|x86
		{DA407E48-70F4-4D9F-8104-DA55A0B6EC92}.Debug|Any CPU.Deploy.0 = Debug|x86
		{DA407E48-70F4-4D9F-8104-DA55A0B6EC92}.Debug|ARM.ActiveCfg = Debug|ARM
		{DA407E48-70F4-4D9F-8104-DA55A0B6EC92}.Debug|ARM.Build.0 = Debug|ARM
		{DA407E48-70F4-4D9F-8104-DA55A0B6EC92}.Debug|ARM.Deploy.0 = Debug|ARM
		{DA407E48-70F4-4D9F-8104-DA55A0B6EC92}.Debug|iPhone.ActiveCfg = Debug|x86
		{DA407E48-70F4-4D9F-8104-DA55A0B6EC92}.Debug|iPhone.Build.0 = Debug|x86
		{DA407E48-70F4-4D9F-8104-DA55A0B6EC92}.Debug|iPhone.Deploy.0 = Debug|x86
		{DA407E48-70F4-4D9F-8104-DA55A0B6EC92}.Debug|iPhoneSimulator.ActiveCfg = Debug|x86
		{DA407E48-70F4-4D9F-8104-DA55A0B6EC92}.Debug|iPhoneSimulator.Build.0 = Debug|x86
		{DA407E48-70F4-4D9F-8104-DA55A0B6EC92}.Debug|iPhoneSimulator.Deploy.0 = Debug|x86
		{DA407E48-70F4-4D9F-8104-DA55A0B6EC92}.Debug|x64.ActiveCfg = Debug|x64
		{DA407E48-70F4-4D9F-8104-DA55A0B6EC92}.Debug|x64.Build.0 = Debug|x64
		{DA407E48-70F4-4D9F-8104-DA55A0B6EC92}.Debug|x64.Deploy.0 = Debug|x64
		{DA407E48-70F4-4D9F-8104-DA55A0B6EC92}.Debug|x86.ActiveCfg = Debug|x86
		{DA407E48-70F4-4D9F-8104-DA55A0B6EC92}.Debug|x86.Build.0 = Debug|x86
		{DA407E48-70F4-4D9F-8104-DA55A0B6EC92}.Debug|x86.Deploy.0 = Debug|x86
		{DA407E48-70F4-4D9F-8104-DA55A0B6EC92}.Release|Any CPU.ActiveCfg = Release|x86
		{DA407E48-70F4-4D9F-8104-DA55A0B6EC92}.Release|Any CPU.Build.0 = Release|x86
		{DA407E48-70F4-4D9F-8104-DA55A0B6EC92}.Release|Any CPU.Deploy.0 = Release|x86
		{DA407E48-70F4-4D9F-8104-DA55A0B6EC92}.Release|ARM.ActiveCfg = Release|ARM
		{DA407E48-70F4-4D9F-8104-DA55A0B6EC92}.Release|ARM.Build.0 = Release|ARM
		{DA407E48-70F4-4D9F-8104-DA55A0B6EC92}.Release|ARM.Deploy.0 = Release|ARM
		{DA407E48-70F4-4D9F-8104-DA55A0B6EC92}.Release|iPhone.ActiveCfg = Release|x86
		{DA407E48-70F4-4D9F-8104-DA55A0B6EC92}.Release|iPhone.Build.0 = Release|x86
		{DA407E48-70F4-4D9F-8104-DA55A0B6EC92}.Release|iPhone.Deploy.0 = Release|x86
		{DA407E48-70F4-4D9F-8104-DA55A0B6EC92}.Release|iPhoneSimulator.ActiveCfg = Release|x86
		{DA407E48-70F4-4D9F-8104-DA55A0B6EC92}.Release|iPhoneSimulator.Build.0 = Release|x86
		{DA407E48-70F4-4D9F-8104-DA55A0B6EC92}.Release|iPhoneSimulator.Deploy.0 = Release|x86
		{DA407E48-70F4-4D9F-8104-DA55A0B6EC92}.Release|x64.ActiveCfg = Release|x64
		{DA407E48-70F4-4D9F-8104-DA55A0B6EC92}.Release|x64.Build.0 = Release|x64
		{DA407E48-70F4-4D9F-8104-DA55A0B6EC92}.Release|x64.Deploy.0 = Release|x64
		{DA407E48-70F4-4D9F-8104-DA55A0B6EC92}.Release|x86.ActiveCfg = Release|x86
		{DA407E48-70F4-4D9F-8104-DA55A0B6EC92}.Release|x86.Build.0 = Release|x86
		{DA407E48-70F4-4D9F-8104-DA55A0B6EC92}.Release|x86.Deploy.0 = Release|x86
		{6DA1F7E8-29DF-48CA-8AA8-6D80230F0DE3}.Ad-Hoc|Any CPU.ActiveCfg = Debug|Any CPU
		{6DA1F7E8-29DF-48CA-8AA8-6D80230F0DE3}.Ad-Hoc|Any CPU.Build.0 = Debug|Any CPU
		{6DA1F7E8-29DF-48CA-8AA8-6D80230F0DE3}.Ad-Hoc|Any CPU.Deploy.0 = Debug|Any CPU
		{6DA1F7E8-29DF-48CA-8AA8-6D80230F0DE3}.Ad-Hoc|ARM.ActiveCfg = Debug|Any CPU
		{6DA1F7E8-29DF-48CA-8AA8-6D80230F0DE3}.Ad-Hoc|ARM.Build.0 = Debug|Any CPU
		{6DA1F7E8-29DF-48CA-8AA8-6D80230F0DE3}.Ad-Hoc|ARM.Deploy.0 = Debug|Any CPU
		{6DA1F7E8-29DF-48CA-8AA8-6D80230F0DE3}.Ad-Hoc|iPhone.ActiveCfg = Debug|Any CPU
		{6DA1F7E8-29DF-48CA-8AA8-6D80230F0DE3}.Ad-Hoc|iPhone.Build.0 = Debug|Any CPU
		{6DA1F7E8-29DF-48CA-8AA8-6D80230F0DE3}.Ad-Hoc|iPhone.Deploy.0 = Debug|Any CPU
		{6DA1F7E8-29DF-48CA-8AA8-6D80230F0DE3}.Ad-Hoc|iPhoneSimulator.ActiveCfg = Debug|Any CPU
		{6DA1F7E8-29DF-48CA-8AA8-6D80230F0DE3}.Ad-Hoc|iPhoneSimulator.Build.0 = Debug|Any CPU
		{6DA1F7E8-29DF-48CA-8AA8-6D80230F0DE3}.Ad-Hoc|iPhoneSimulator.Deploy.0 = Debug|Any CPU
		{6DA1F7E8-29DF-48CA-8AA8-6D80230F0DE3}.Ad-Hoc|x64.ActiveCfg = Debug|Any CPU
		{6DA1F7E8-29DF-48CA-8AA8-6D80230F0DE3}.Ad-Hoc|x64.Build.0 = Debug|Any CPU
		{6DA1F7E8-29DF-48CA-8AA8-6D80230F0DE3}.Ad-Hoc|x64.Deploy.0 = Debug|Any CPU
		{6DA1F7E8-29DF-48CA-8AA8-6D80230F0DE3}.Ad-Hoc|x86.ActiveCfg = Debug|Any CPU
		{6DA1F7E8-29DF-48CA-8AA8-6D80230F0DE3}.Ad-Hoc|x86.Build.0 = Debug|Any CPU
		{6DA1F7E8-29DF-48CA-8AA8-6D80230F0DE3}.Ad-Hoc|x86.Deploy.0 = Debug|Any CPU
		{6DA1F7E8-29DF-48CA-8AA8-6D80230F0DE3}.AppStore|Any CPU.ActiveCfg = Debug|Any CPU
		{6DA1F7E8-29DF-48CA-8AA8-6D80230F0DE3}.AppStore|Any CPU.Build.0 = Debug|Any CPU
		{6DA1F7E8-29DF-48CA-8AA8-6D80230F0DE3}.AppStore|Any CPU.Deploy.0 = Debug|Any CPU
		{6DA1F7E8-29DF-48CA-8AA8-6D80230F0DE3}.AppStore|ARM.ActiveCfg = Debug|Any CPU
		{6DA1F7E8-29DF-48CA-8AA8-6D80230F0DE3}.AppStore|ARM.Build.0 = Debug|Any CPU
		{6DA1F7E8-29DF-48CA-8AA8-6D80230F0DE3}.AppStore|ARM.Deploy.0 = Debug|Any CPU
		{6DA1F7E8-29DF-48CA-8AA8-6D80230F0DE3}.AppStore|iPhone.ActiveCfg = Debug|Any CPU
		{6DA1F7E8-29DF-48CA-8AA8-6D80230F0DE3}.AppStore|iPhone.Build.0 = Debug|Any CPU
		{6DA1F7E8-29DF-48CA-8AA8-6D80230F0DE3}.AppStore|iPhone.Deploy.0 = Debug|Any CPU
		{6DA1F7E8-29DF-48CA-8AA8-6D80230F0DE3}.AppStore|iPhoneSimulator.ActiveCfg = Debug|Any CPU
		{6DA1F7E8-29DF-48CA-8AA8-6D80230F0DE3}.AppStore|iPhoneSimulator.Build.0 = Debug|Any CPU
		{6DA1F7E8-29DF-48CA-8AA8-6D80230F0DE3}.AppStore|iPhoneSimulator.Deploy.0 = Debug|Any CPU
		{6DA1F7E8-29DF-48CA-8AA8-6D80230F0DE3}.AppStore|x64.ActiveCfg = Debug|Any CPU
		{6DA1F7E8-29DF-48CA-8AA8-6D80230F0DE3}.AppStore|x64.Build.0 = Debug|Any CPU
		{6DA1F7E8-29DF-48CA-8AA8-6D80230F0DE3}.AppStore|x64.Deploy.0 = Debug|Any CPU
		{6DA1F7E8-29DF-48CA-8AA8-6D80230F0DE3}.AppStore|x86.ActiveCfg = Debug|Any CPU
		{6DA1F7E8-29DF-48CA-8AA8-6D80230F0DE3}.AppStore|x86.Build.0 = Debug|Any CPU
		{6DA1F7E8-29DF-48CA-8AA8-6D80230F0DE3}.AppStore|x86.Deploy.0 = Debug|Any CPU
		{6DA1F7E8-29DF-48CA-8AA8-6D80230F0DE3}.Debug|Any CPU.ActiveCfg = Debug|Any CPU
		{6DA1F7E8-29DF-48CA-8AA8-6D80230F0DE3}.Debug|Any CPU.Build.0 = Debug|Any CPU
		{6DA1F7E8-29DF-48CA-8AA8-6D80230F0DE3}.Debug|Any CPU.Deploy.0 = Debug|Any CPU
		{6DA1F7E8-29DF-48CA-8AA8-6D80230F0DE3}.Debug|ARM.ActiveCfg = Debug|Any CPU
		{6DA1F7E8-29DF-48CA-8AA8-6D80230F0DE3}.Debug|ARM.Build.0 = Debug|Any CPU
		{6DA1F7E8-29DF-48CA-8AA8-6D80230F0DE3}.Debug|ARM.Deploy.0 = Debug|Any CPU
		{6DA1F7E8-29DF-48CA-8AA8-6D80230F0DE3}.Debug|iPhone.ActiveCfg = Debug|Any CPU
		{6DA1F7E8-29DF-48CA-8AA8-6D80230F0DE3}.Debug|iPhone.Build.0 = Debug|Any CPU
		{6DA1F7E8-29DF-48CA-8AA8-6D80230F0DE3}.Debug|iPhone.Deploy.0 = Debug|Any CPU
		{6DA1F7E8-29DF-48CA-8AA8-6D80230F0DE3}.Debug|iPhoneSimulator.ActiveCfg = Debug|Any CPU
		{6DA1F7E8-29DF-48CA-8AA8-6D80230F0DE3}.Debug|iPhoneSimulator.Build.0 = Debug|Any CPU
		{6DA1F7E8-29DF-48CA-8AA8-6D80230F0DE3}.Debug|iPhoneSimulator.Deploy.0 = Debug|Any CPU
		{6DA1F7E8-29DF-48CA-8AA8-6D80230F0DE3}.Debug|x64.ActiveCfg = Debug|Any CPU
		{6DA1F7E8-29DF-48CA-8AA8-6D80230F0DE3}.Debug|x64.Build.0 = Debug|Any CPU
		{6DA1F7E8-29DF-48CA-8AA8-6D80230F0DE3}.Debug|x64.Deploy.0 = Debug|Any CPU
		{6DA1F7E8-29DF-48CA-8AA8-6D80230F0DE3}.Debug|x86.ActiveCfg = Debug|Any CPU
		{6DA1F7E8-29DF-48CA-8AA8-6D80230F0DE3}.Debug|x86.Build.0 = Debug|Any CPU
		{6DA1F7E8-29DF-48CA-8AA8-6D80230F0DE3}.Debug|x86.Deploy.0 = Debug|Any CPU
		{6DA1F7E8-29DF-48CA-8AA8-6D80230F0DE3}.Release|Any CPU.ActiveCfg = Release|Any CPU
		{6DA1F7E8-29DF-48CA-8AA8-6D80230F0DE3}.Release|Any CPU.Build.0 = Release|Any CPU
		{6DA1F7E8-29DF-48CA-8AA8-6D80230F0DE3}.Release|Any CPU.Deploy.0 = Release|Any CPU
		{6DA1F7E8-29DF-48CA-8AA8-6D80230F0DE3}.Release|ARM.ActiveCfg = Release|Any CPU
		{6DA1F7E8-29DF-48CA-8AA8-6D80230F0DE3}.Release|ARM.Build.0 = Release|Any CPU
		{6DA1F7E8-29DF-48CA-8AA8-6D80230F0DE3}.Release|ARM.Deploy.0 = Release|Any CPU
		{6DA1F7E8-29DF-48CA-8AA8-6D80230F0DE3}.Release|iPhone.ActiveCfg = Release|Any CPU
		{6DA1F7E8-29DF-48CA-8AA8-6D80230F0DE3}.Release|iPhone.Build.0 = Release|Any CPU
		{6DA1F7E8-29DF-48CA-8AA8-6D80230F0DE3}.Release|iPhone.Deploy.0 = Release|Any CPU
		{6DA1F7E8-29DF-48CA-8AA8-6D80230F0DE3}.Release|iPhoneSimulator.ActiveCfg = Release|Any CPU
		{6DA1F7E8-29DF-48CA-8AA8-6D80230F0DE3}.Release|iPhoneSimulator.Build.0 = Release|Any CPU
		{6DA1F7E8-29DF-48CA-8AA8-6D80230F0DE3}.Release|iPhoneSimulator.Deploy.0 = Release|Any CPU
		{6DA1F7E8-29DF-48CA-8AA8-6D80230F0DE3}.Release|x64.ActiveCfg = Release|Any CPU
		{6DA1F7E8-29DF-48CA-8AA8-6D80230F0DE3}.Release|x64.Build.0 = Release|Any CPU
		{6DA1F7E8-29DF-48CA-8AA8-6D80230F0DE3}.Release|x64.Deploy.0 = Release|Any CPU
		{6DA1F7E8-29DF-48CA-8AA8-6D80230F0DE3}.Release|x86.ActiveCfg = Release|Any CPU
		{6DA1F7E8-29DF-48CA-8AA8-6D80230F0DE3}.Release|x86.Build.0 = Release|Any CPU
		{6DA1F7E8-29DF-48CA-8AA8-6D80230F0DE3}.Release|x86.Deploy.0 = Release|Any CPU
		{1414DE7D-46E5-4C9B-B70F-DD074EAD9527}.Ad-Hoc|Any CPU.ActiveCfg = Debug|Any CPU
		{1414DE7D-46E5-4C9B-B70F-DD074EAD9527}.Ad-Hoc|Any CPU.Build.0 = Debug|Any CPU
		{1414DE7D-46E5-4C9B-B70F-DD074EAD9527}.Ad-Hoc|ARM.ActiveCfg = Debug|Any CPU
		{1414DE7D-46E5-4C9B-B70F-DD074EAD9527}.Ad-Hoc|ARM.Build.0 = Debug|Any CPU
		{1414DE7D-46E5-4C9B-B70F-DD074EAD9527}.Ad-Hoc|iPhone.ActiveCfg = Debug|Any CPU
		{1414DE7D-46E5-4C9B-B70F-DD074EAD9527}.Ad-Hoc|iPhone.Build.0 = Debug|Any CPU
		{1414DE7D-46E5-4C9B-B70F-DD074EAD9527}.Ad-Hoc|iPhoneSimulator.ActiveCfg = Debug|Any CPU
		{1414DE7D-46E5-4C9B-B70F-DD074EAD9527}.Ad-Hoc|iPhoneSimulator.Build.0 = Debug|Any CPU
		{1414DE7D-46E5-4C9B-B70F-DD074EAD9527}.Ad-Hoc|x64.ActiveCfg = Debug|Any CPU
		{1414DE7D-46E5-4C9B-B70F-DD074EAD9527}.Ad-Hoc|x64.Build.0 = Debug|Any CPU
		{1414DE7D-46E5-4C9B-B70F-DD074EAD9527}.Ad-Hoc|x86.ActiveCfg = Debug|Any CPU
		{1414DE7D-46E5-4C9B-B70F-DD074EAD9527}.Ad-Hoc|x86.Build.0 = Debug|Any CPU
		{1414DE7D-46E5-4C9B-B70F-DD074EAD9527}.AppStore|Any CPU.ActiveCfg = Debug|Any CPU
		{1414DE7D-46E5-4C9B-B70F-DD074EAD9527}.AppStore|Any CPU.Build.0 = Debug|Any CPU
		{1414DE7D-46E5-4C9B-B70F-DD074EAD9527}.AppStore|ARM.ActiveCfg = Debug|Any CPU
		{1414DE7D-46E5-4C9B-B70F-DD074EAD9527}.AppStore|ARM.Build.0 = Debug|Any CPU
		{1414DE7D-46E5-4C9B-B70F-DD074EAD9527}.AppStore|iPhone.ActiveCfg = Debug|Any CPU
		{1414DE7D-46E5-4C9B-B70F-DD074EAD9527}.AppStore|iPhone.Build.0 = Debug|Any CPU
		{1414DE7D-46E5-4C9B-B70F-DD074EAD9527}.AppStore|iPhoneSimulator.ActiveCfg = Debug|Any CPU
		{1414DE7D-46E5-4C9B-B70F-DD074EAD9527}.AppStore|iPhoneSimulator.Build.0 = Debug|Any CPU
		{1414DE7D-46E5-4C9B-B70F-DD074EAD9527}.AppStore|x64.ActiveCfg = Debug|Any CPU
		{1414DE7D-46E5-4C9B-B70F-DD074EAD9527}.AppStore|x64.Build.0 = Debug|Any CPU
		{1414DE7D-46E5-4C9B-B70F-DD074EAD9527}.AppStore|x86.ActiveCfg = Debug|Any CPU
		{1414DE7D-46E5-4C9B-B70F-DD074EAD9527}.AppStore|x86.Build.0 = Debug|Any CPU
		{1414DE7D-46E5-4C9B-B70F-DD074EAD9527}.Debug|Any CPU.ActiveCfg = Debug|Any CPU
		{1414DE7D-46E5-4C9B-B70F-DD074EAD9527}.Debug|Any CPU.Build.0 = Debug|Any CPU
		{1414DE7D-46E5-4C9B-B70F-DD074EAD9527}.Debug|ARM.ActiveCfg = Debug|Any CPU
		{1414DE7D-46E5-4C9B-B70F-DD074EAD9527}.Debug|ARM.Build.0 = Debug|Any CPU
		{1414DE7D-46E5-4C9B-B70F-DD074EAD9527}.Debug|iPhone.ActiveCfg = Debug|Any CPU
		{1414DE7D-46E5-4C9B-B70F-DD074EAD9527}.Debug|iPhone.Build.0 = Debug|Any CPU
		{1414DE7D-46E5-4C9B-B70F-DD074EAD9527}.Debug|iPhoneSimulator.ActiveCfg = Debug|Any CPU
		{1414DE7D-46E5-4C9B-B70F-DD074EAD9527}.Debug|iPhoneSimulator.Build.0 = Debug|Any CPU
		{1414DE7D-46E5-4C9B-B70F-DD074EAD9527}.Debug|x64.ActiveCfg = Debug|Any CPU
		{1414DE7D-46E5-4C9B-B70F-DD074EAD9527}.Debug|x64.Build.0 = Debug|Any CPU
		{1414DE7D-46E5-4C9B-B70F-DD074EAD9527}.Debug|x86.ActiveCfg = Debug|Any CPU
		{1414DE7D-46E5-4C9B-B70F-DD074EAD9527}.Debug|x86.Build.0 = Debug|Any CPU
		{1414DE7D-46E5-4C9B-B70F-DD074EAD9527}.Release|Any CPU.ActiveCfg = Release|Any CPU
		{1414DE7D-46E5-4C9B-B70F-DD074EAD9527}.Release|Any CPU.Build.0 = Release|Any CPU
		{1414DE7D-46E5-4C9B-B70F-DD074EAD9527}.Release|ARM.ActiveCfg = Release|Any CPU
		{1414DE7D-46E5-4C9B-B70F-DD074EAD9527}.Release|ARM.Build.0 = Release|Any CPU
		{1414DE7D-46E5-4C9B-B70F-DD074EAD9527}.Release|iPhone.ActiveCfg = Release|Any CPU
		{1414DE7D-46E5-4C9B-B70F-DD074EAD9527}.Release|iPhone.Build.0 = Release|Any CPU
		{1414DE7D-46E5-4C9B-B70F-DD074EAD9527}.Release|iPhoneSimulator.ActiveCfg = Release|Any CPU
		{1414DE7D-46E5-4C9B-B70F-DD074EAD9527}.Release|iPhoneSimulator.Build.0 = Release|Any CPU
		{1414DE7D-46E5-4C9B-B70F-DD074EAD9527}.Release|x64.ActiveCfg = Release|Any CPU
		{1414DE7D-46E5-4C9B-B70F-DD074EAD9527}.Release|x64.Build.0 = Release|Any CPU
		{1414DE7D-46E5-4C9B-B70F-DD074EAD9527}.Release|x86.ActiveCfg = Release|Any CPU
		{1414DE7D-46E5-4C9B-B70F-DD074EAD9527}.Release|x86.Build.0 = Release|Any CPU
		{DEE25EF3-C0D1-4BE2-9A31-D29EC39D7783}.Ad-Hoc|Any CPU.ActiveCfg = Debug|Any CPU
		{DEE25EF3-C0D1-4BE2-9A31-D29EC39D7783}.Ad-Hoc|Any CPU.Build.0 = Debug|Any CPU
		{DEE25EF3-C0D1-4BE2-9A31-D29EC39D7783}.Ad-Hoc|ARM.ActiveCfg = Debug|Any CPU
		{DEE25EF3-C0D1-4BE2-9A31-D29EC39D7783}.Ad-Hoc|ARM.Build.0 = Debug|Any CPU
		{DEE25EF3-C0D1-4BE2-9A31-D29EC39D7783}.Ad-Hoc|iPhone.ActiveCfg = Debug|Any CPU
		{DEE25EF3-C0D1-4BE2-9A31-D29EC39D7783}.Ad-Hoc|iPhone.Build.0 = Debug|Any CPU
		{DEE25EF3-C0D1-4BE2-9A31-D29EC39D7783}.Ad-Hoc|iPhoneSimulator.ActiveCfg = Debug|Any CPU
		{DEE25EF3-C0D1-4BE2-9A31-D29EC39D7783}.Ad-Hoc|iPhoneSimulator.Build.0 = Debug|Any CPU
		{DEE25EF3-C0D1-4BE2-9A31-D29EC39D7783}.Ad-Hoc|x64.ActiveCfg = Debug|Any CPU
		{DEE25EF3-C0D1-4BE2-9A31-D29EC39D7783}.Ad-Hoc|x64.Build.0 = Debug|Any CPU
		{DEE25EF3-C0D1-4BE2-9A31-D29EC39D7783}.Ad-Hoc|x86.ActiveCfg = Debug|Any CPU
		{DEE25EF3-C0D1-4BE2-9A31-D29EC39D7783}.Ad-Hoc|x86.Build.0 = Debug|Any CPU
		{DEE25EF3-C0D1-4BE2-9A31-D29EC39D7783}.AppStore|Any CPU.ActiveCfg = Debug|Any CPU
		{DEE25EF3-C0D1-4BE2-9A31-D29EC39D7783}.AppStore|Any CPU.Build.0 = Debug|Any CPU
		{DEE25EF3-C0D1-4BE2-9A31-D29EC39D7783}.AppStore|ARM.ActiveCfg = Debug|Any CPU
		{DEE25EF3-C0D1-4BE2-9A31-D29EC39D7783}.AppStore|ARM.Build.0 = Debug|Any CPU
		{DEE25EF3-C0D1-4BE2-9A31-D29EC39D7783}.AppStore|iPhone.ActiveCfg = Debug|Any CPU
		{DEE25EF3-C0D1-4BE2-9A31-D29EC39D7783}.AppStore|iPhone.Build.0 = Debug|Any CPU
		{DEE25EF3-C0D1-4BE2-9A31-D29EC39D7783}.AppStore|iPhoneSimulator.ActiveCfg = Debug|Any CPU
		{DEE25EF3-C0D1-4BE2-9A31-D29EC39D7783}.AppStore|iPhoneSimulator.Build.0 = Debug|Any CPU
		{DEE25EF3-C0D1-4BE2-9A31-D29EC39D7783}.AppStore|x64.ActiveCfg = Debug|Any CPU
		{DEE25EF3-C0D1-4BE2-9A31-D29EC39D7783}.AppStore|x64.Build.0 = Debug|Any CPU
		{DEE25EF3-C0D1-4BE2-9A31-D29EC39D7783}.AppStore|x86.ActiveCfg = Debug|Any CPU
		{DEE25EF3-C0D1-4BE2-9A31-D29EC39D7783}.AppStore|x86.Build.0 = Debug|Any CPU
		{DEE25EF3-C0D1-4BE2-9A31-D29EC39D7783}.Debug|Any CPU.ActiveCfg = Debug|Any CPU
		{DEE25EF3-C0D1-4BE2-9A31-D29EC39D7783}.Debug|Any CPU.Build.0 = Debug|Any CPU
		{DEE25EF3-C0D1-4BE2-9A31-D29EC39D7783}.Debug|ARM.ActiveCfg = Debug|Any CPU
		{DEE25EF3-C0D1-4BE2-9A31-D29EC39D7783}.Debug|ARM.Build.0 = Debug|Any CPU
		{DEE25EF3-C0D1-4BE2-9A31-D29EC39D7783}.Debug|iPhone.ActiveCfg = Debug|Any CPU
		{DEE25EF3-C0D1-4BE2-9A31-D29EC39D7783}.Debug|iPhone.Build.0 = Debug|Any CPU
		{DEE25EF3-C0D1-4BE2-9A31-D29EC39D7783}.Debug|iPhoneSimulator.ActiveCfg = Debug|Any CPU
		{DEE25EF3-C0D1-4BE2-9A31-D29EC39D7783}.Debug|iPhoneSimulator.Build.0 = Debug|Any CPU
		{DEE25EF3-C0D1-4BE2-9A31-D29EC39D7783}.Debug|x64.ActiveCfg = Debug|Any CPU
		{DEE25EF3-C0D1-4BE2-9A31-D29EC39D7783}.Debug|x64.Build.0 = Debug|Any CPU
		{DEE25EF3-C0D1-4BE2-9A31-D29EC39D7783}.Debug|x86.ActiveCfg = Debug|Any CPU
		{DEE25EF3-C0D1-4BE2-9A31-D29EC39D7783}.Debug|x86.Build.0 = Debug|Any CPU
		{DEE25EF3-C0D1-4BE2-9A31-D29EC39D7783}.Release|Any CPU.ActiveCfg = Release|Any CPU
		{DEE25EF3-C0D1-4BE2-9A31-D29EC39D7783}.Release|Any CPU.Build.0 = Release|Any CPU
		{DEE25EF3-C0D1-4BE2-9A31-D29EC39D7783}.Release|ARM.ActiveCfg = Release|Any CPU
		{DEE25EF3-C0D1-4BE2-9A31-D29EC39D7783}.Release|ARM.Build.0 = Release|Any CPU
		{DEE25EF3-C0D1-4BE2-9A31-D29EC39D7783}.Release|iPhone.ActiveCfg = Release|Any CPU
		{DEE25EF3-C0D1-4BE2-9A31-D29EC39D7783}.Release|iPhone.Build.0 = Release|Any CPU
		{DEE25EF3-C0D1-4BE2-9A31-D29EC39D7783}.Release|iPhoneSimulator.ActiveCfg = Release|Any CPU
		{DEE25EF3-C0D1-4BE2-9A31-D29EC39D7783}.Release|iPhoneSimulator.Build.0 = Release|Any CPU
		{DEE25EF3-C0D1-4BE2-9A31-D29EC39D7783}.Release|x64.ActiveCfg = Release|Any CPU
		{DEE25EF3-C0D1-4BE2-9A31-D29EC39D7783}.Release|x64.Build.0 = Release|Any CPU
		{DEE25EF3-C0D1-4BE2-9A31-D29EC39D7783}.Release|x86.ActiveCfg = Release|Any CPU
		{DEE25EF3-C0D1-4BE2-9A31-D29EC39D7783}.Release|x86.Build.0 = Release|Any CPU
		{D325D296-3E75-4BEB-B935-A423367900A5}.Ad-Hoc|Any CPU.ActiveCfg = Debug|Any CPU
		{D325D296-3E75-4BEB-B935-A423367900A5}.Ad-Hoc|Any CPU.Build.0 = Debug|Any CPU
		{D325D296-3E75-4BEB-B935-A423367900A5}.Ad-Hoc|ARM.ActiveCfg = Debug|Any CPU
		{D325D296-3E75-4BEB-B935-A423367900A5}.Ad-Hoc|ARM.Build.0 = Debug|Any CPU
		{D325D296-3E75-4BEB-B935-A423367900A5}.Ad-Hoc|iPhone.ActiveCfg = Debug|Any CPU
		{D325D296-3E75-4BEB-B935-A423367900A5}.Ad-Hoc|iPhone.Build.0 = Debug|Any CPU
		{D325D296-3E75-4BEB-B935-A423367900A5}.Ad-Hoc|iPhoneSimulator.ActiveCfg = Debug|Any CPU
		{D325D296-3E75-4BEB-B935-A423367900A5}.Ad-Hoc|iPhoneSimulator.Build.0 = Debug|Any CPU
		{D325D296-3E75-4BEB-B935-A423367900A5}.Ad-Hoc|x64.ActiveCfg = Debug|Any CPU
		{D325D296-3E75-4BEB-B935-A423367900A5}.Ad-Hoc|x64.Build.0 = Debug|Any CPU
		{D325D296-3E75-4BEB-B935-A423367900A5}.Ad-Hoc|x86.ActiveCfg = Debug|Any CPU
		{D325D296-3E75-4BEB-B935-A423367900A5}.Ad-Hoc|x86.Build.0 = Debug|Any CPU
		{D325D296-3E75-4BEB-B935-A423367900A5}.AppStore|Any CPU.ActiveCfg = Debug|Any CPU
		{D325D296-3E75-4BEB-B935-A423367900A5}.AppStore|Any CPU.Build.0 = Debug|Any CPU
		{D325D296-3E75-4BEB-B935-A423367900A5}.AppStore|ARM.ActiveCfg = Debug|Any CPU
		{D325D296-3E75-4BEB-B935-A423367900A5}.AppStore|ARM.Build.0 = Debug|Any CPU
		{D325D296-3E75-4BEB-B935-A423367900A5}.AppStore|iPhone.ActiveCfg = Debug|Any CPU
		{D325D296-3E75-4BEB-B935-A423367900A5}.AppStore|iPhone.Build.0 = Debug|Any CPU
		{D325D296-3E75-4BEB-B935-A423367900A5}.AppStore|iPhoneSimulator.ActiveCfg = Debug|Any CPU
		{D325D296-3E75-4BEB-B935-A423367900A5}.AppStore|iPhoneSimulator.Build.0 = Debug|Any CPU
		{D325D296-3E75-4BEB-B935-A423367900A5}.AppStore|x64.ActiveCfg = Debug|Any CPU
		{D325D296-3E75-4BEB-B935-A423367900A5}.AppStore|x64.Build.0 = Debug|Any CPU
		{D325D296-3E75-4BEB-B935-A423367900A5}.AppStore|x86.ActiveCfg = Debug|Any CPU
		{D325D296-3E75-4BEB-B935-A423367900A5}.AppStore|x86.Build.0 = Debug|Any CPU
		{D325D296-3E75-4BEB-B935-A423367900A5}.Debug|Any CPU.ActiveCfg = Debug|Any CPU
		{D325D296-3E75-4BEB-B935-A423367900A5}.Debug|Any CPU.Build.0 = Debug|Any CPU
		{D325D296-3E75-4BEB-B935-A423367900A5}.Debug|ARM.ActiveCfg = Debug|Any CPU
		{D325D296-3E75-4BEB-B935-A423367900A5}.Debug|ARM.Build.0 = Debug|Any CPU
		{D325D296-3E75-4BEB-B935-A423367900A5}.Debug|iPhone.ActiveCfg = Debug|Any CPU
		{D325D296-3E75-4BEB-B935-A423367900A5}.Debug|iPhone.Build.0 = Debug|Any CPU
		{D325D296-3E75-4BEB-B935-A423367900A5}.Debug|iPhoneSimulator.ActiveCfg = Debug|Any CPU
		{D325D296-3E75-4BEB-B935-A423367900A5}.Debug|iPhoneSimulator.Build.0 = Debug|Any CPU
		{D325D296-3E75-4BEB-B935-A423367900A5}.Debug|x64.ActiveCfg = Debug|Any CPU
		{D325D296-3E75-4BEB-B935-A423367900A5}.Debug|x64.Build.0 = Debug|Any CPU
		{D325D296-3E75-4BEB-B935-A423367900A5}.Debug|x86.ActiveCfg = Debug|Any CPU
		{D325D296-3E75-4BEB-B935-A423367900A5}.Debug|x86.Build.0 = Debug|Any CPU
		{D325D296-3E75-4BEB-B935-A423367900A5}.Release|Any CPU.ActiveCfg = Release|Any CPU
		{D325D296-3E75-4BEB-B935-A423367900A5}.Release|Any CPU.Build.0 = Release|Any CPU
		{D325D296-3E75-4BEB-B935-A423367900A5}.Release|ARM.ActiveCfg = Release|Any CPU
		{D325D296-3E75-4BEB-B935-A423367900A5}.Release|ARM.Build.0 = Release|Any CPU
		{D325D296-3E75-4BEB-B935-A423367900A5}.Release|iPhone.ActiveCfg = Release|Any CPU
		{D325D296-3E75-4BEB-B935-A423367900A5}.Release|iPhone.Build.0 = Release|Any CPU
		{D325D296-3E75-4BEB-B935-A423367900A5}.Release|iPhoneSimulator.ActiveCfg = Release|Any CPU
		{D325D296-3E75-4BEB-B935-A423367900A5}.Release|iPhoneSimulator.Build.0 = Release|Any CPU
		{D325D296-3E75-4BEB-B935-A423367900A5}.Release|x64.ActiveCfg = Release|Any CPU
		{D325D296-3E75-4BEB-B935-A423367900A5}.Release|x64.Build.0 = Release|Any CPU
		{D325D296-3E75-4BEB-B935-A423367900A5}.Release|x86.ActiveCfg = Release|Any CPU
		{D325D296-3E75-4BEB-B935-A423367900A5}.Release|x86.Build.0 = Release|Any CPU
		{40DA164B-6125-4E95-AECA-CFF1A716F14D}.Ad-Hoc|Any CPU.ActiveCfg = Debug|Any CPU
		{40DA164B-6125-4E95-AECA-CFF1A716F14D}.Ad-Hoc|Any CPU.Build.0 = Debug|Any CPU
		{40DA164B-6125-4E95-AECA-CFF1A716F14D}.Ad-Hoc|ARM.ActiveCfg = Debug|Any CPU
		{40DA164B-6125-4E95-AECA-CFF1A716F14D}.Ad-Hoc|ARM.Build.0 = Debug|Any CPU
		{40DA164B-6125-4E95-AECA-CFF1A716F14D}.Ad-Hoc|iPhone.ActiveCfg = Debug|Any CPU
		{40DA164B-6125-4E95-AECA-CFF1A716F14D}.Ad-Hoc|iPhone.Build.0 = Debug|Any CPU
		{40DA164B-6125-4E95-AECA-CFF1A716F14D}.Ad-Hoc|iPhoneSimulator.ActiveCfg = Debug|Any CPU
		{40DA164B-6125-4E95-AECA-CFF1A716F14D}.Ad-Hoc|iPhoneSimulator.Build.0 = Debug|Any CPU
		{40DA164B-6125-4E95-AECA-CFF1A716F14D}.Ad-Hoc|x64.ActiveCfg = Debug|Any CPU
		{40DA164B-6125-4E95-AECA-CFF1A716F14D}.Ad-Hoc|x64.Build.0 = Debug|Any CPU
		{40DA164B-6125-4E95-AECA-CFF1A716F14D}.Ad-Hoc|x86.ActiveCfg = Debug|Any CPU
		{40DA164B-6125-4E95-AECA-CFF1A716F14D}.Ad-Hoc|x86.Build.0 = Debug|Any CPU
		{40DA164B-6125-4E95-AECA-CFF1A716F14D}.AppStore|Any CPU.ActiveCfg = Debug|Any CPU
		{40DA164B-6125-4E95-AECA-CFF1A716F14D}.AppStore|Any CPU.Build.0 = Debug|Any CPU
		{40DA164B-6125-4E95-AECA-CFF1A716F14D}.AppStore|ARM.ActiveCfg = Debug|Any CPU
		{40DA164B-6125-4E95-AECA-CFF1A716F14D}.AppStore|ARM.Build.0 = Debug|Any CPU
		{40DA164B-6125-4E95-AECA-CFF1A716F14D}.AppStore|iPhone.ActiveCfg = Debug|Any CPU
		{40DA164B-6125-4E95-AECA-CFF1A716F14D}.AppStore|iPhone.Build.0 = Debug|Any CPU
		{40DA164B-6125-4E95-AECA-CFF1A716F14D}.AppStore|iPhoneSimulator.ActiveCfg = Debug|Any CPU
		{40DA164B-6125-4E95-AECA-CFF1A716F14D}.AppStore|iPhoneSimulator.Build.0 = Debug|Any CPU
		{40DA164B-6125-4E95-AECA-CFF1A716F14D}.AppStore|x64.ActiveCfg = Debug|Any CPU
		{40DA164B-6125-4E95-AECA-CFF1A716F14D}.AppStore|x64.Build.0 = Debug|Any CPU
		{40DA164B-6125-4E95-AECA-CFF1A716F14D}.AppStore|x86.ActiveCfg = Debug|Any CPU
		{40DA164B-6125-4E95-AECA-CFF1A716F14D}.AppStore|x86.Build.0 = Debug|Any CPU
		{40DA164B-6125-4E95-AECA-CFF1A716F14D}.Debug|Any CPU.ActiveCfg = Debug|Any CPU
		{40DA164B-6125-4E95-AECA-CFF1A716F14D}.Debug|Any CPU.Build.0 = Debug|Any CPU
		{40DA164B-6125-4E95-AECA-CFF1A716F14D}.Debug|ARM.ActiveCfg = Debug|Any CPU
		{40DA164B-6125-4E95-AECA-CFF1A716F14D}.Debug|ARM.Build.0 = Debug|Any CPU
		{40DA164B-6125-4E95-AECA-CFF1A716F14D}.Debug|iPhone.ActiveCfg = Debug|Any CPU
		{40DA164B-6125-4E95-AECA-CFF1A716F14D}.Debug|iPhone.Build.0 = Debug|Any CPU
		{40DA164B-6125-4E95-AECA-CFF1A716F14D}.Debug|iPhoneSimulator.ActiveCfg = Debug|Any CPU
		{40DA164B-6125-4E95-AECA-CFF1A716F14D}.Debug|iPhoneSimulator.Build.0 = Debug|Any CPU
		{40DA164B-6125-4E95-AECA-CFF1A716F14D}.Debug|x64.ActiveCfg = Debug|Any CPU
		{40DA164B-6125-4E95-AECA-CFF1A716F14D}.Debug|x64.Build.0 = Debug|Any CPU
		{40DA164B-6125-4E95-AECA-CFF1A716F14D}.Debug|x86.ActiveCfg = Debug|Any CPU
		{40DA164B-6125-4E95-AECA-CFF1A716F14D}.Debug|x86.Build.0 = Debug|Any CPU
		{40DA164B-6125-4E95-AECA-CFF1A716F14D}.Release|Any CPU.ActiveCfg = Release|Any CPU
		{40DA164B-6125-4E95-AECA-CFF1A716F14D}.Release|Any CPU.Build.0 = Release|Any CPU
		{40DA164B-6125-4E95-AECA-CFF1A716F14D}.Release|ARM.ActiveCfg = Release|Any CPU
		{40DA164B-6125-4E95-AECA-CFF1A716F14D}.Release|ARM.Build.0 = Release|Any CPU
		{40DA164B-6125-4E95-AECA-CFF1A716F14D}.Release|iPhone.ActiveCfg = Release|Any CPU
		{40DA164B-6125-4E95-AECA-CFF1A716F14D}.Release|iPhone.Build.0 = Release|Any CPU
		{40DA164B-6125-4E95-AECA-CFF1A716F14D}.Release|iPhoneSimulator.ActiveCfg = Release|Any CPU
		{40DA164B-6125-4E95-AECA-CFF1A716F14D}.Release|iPhoneSimulator.Build.0 = Release|Any CPU
		{40DA164B-6125-4E95-AECA-CFF1A716F14D}.Release|x64.ActiveCfg = Release|Any CPU
		{40DA164B-6125-4E95-AECA-CFF1A716F14D}.Release|x64.Build.0 = Release|Any CPU
		{40DA164B-6125-4E95-AECA-CFF1A716F14D}.Release|x86.ActiveCfg = Release|Any CPU
		{40DA164B-6125-4E95-AECA-CFF1A716F14D}.Release|x86.Build.0 = Release|Any CPU
		{C63C6615-910B-450C-9AAB-3D2EF47E8E94}.Ad-Hoc|Any CPU.ActiveCfg = Debug|Any CPU
		{C63C6615-910B-450C-9AAB-3D2EF47E8E94}.Ad-Hoc|Any CPU.Build.0 = Debug|Any CPU
		{C63C6615-910B-450C-9AAB-3D2EF47E8E94}.Ad-Hoc|ARM.ActiveCfg = Debug|Any CPU
		{C63C6615-910B-450C-9AAB-3D2EF47E8E94}.Ad-Hoc|ARM.Build.0 = Debug|Any CPU
		{C63C6615-910B-450C-9AAB-3D2EF47E8E94}.Ad-Hoc|iPhone.ActiveCfg = Debug|Any CPU
		{C63C6615-910B-450C-9AAB-3D2EF47E8E94}.Ad-Hoc|iPhone.Build.0 = Debug|Any CPU
		{C63C6615-910B-450C-9AAB-3D2EF47E8E94}.Ad-Hoc|iPhoneSimulator.ActiveCfg = Debug|Any CPU
		{C63C6615-910B-450C-9AAB-3D2EF47E8E94}.Ad-Hoc|iPhoneSimulator.Build.0 = Debug|Any CPU
		{C63C6615-910B-450C-9AAB-3D2EF47E8E94}.Ad-Hoc|x64.ActiveCfg = Debug|Any CPU
		{C63C6615-910B-450C-9AAB-3D2EF47E8E94}.Ad-Hoc|x64.Build.0 = Debug|Any CPU
		{C63C6615-910B-450C-9AAB-3D2EF47E8E94}.Ad-Hoc|x86.ActiveCfg = Debug|Any CPU
		{C63C6615-910B-450C-9AAB-3D2EF47E8E94}.Ad-Hoc|x86.Build.0 = Debug|Any CPU
		{C63C6615-910B-450C-9AAB-3D2EF47E8E94}.AppStore|Any CPU.ActiveCfg = Debug|Any CPU
		{C63C6615-910B-450C-9AAB-3D2EF47E8E94}.AppStore|Any CPU.Build.0 = Debug|Any CPU
		{C63C6615-910B-450C-9AAB-3D2EF47E8E94}.AppStore|ARM.ActiveCfg = Debug|Any CPU
		{C63C6615-910B-450C-9AAB-3D2EF47E8E94}.AppStore|ARM.Build.0 = Debug|Any CPU
		{C63C6615-910B-450C-9AAB-3D2EF47E8E94}.AppStore|iPhone.ActiveCfg = Debug|Any CPU
		{C63C6615-910B-450C-9AAB-3D2EF47E8E94}.AppStore|iPhone.Build.0 = Debug|Any CPU
		{C63C6615-910B-450C-9AAB-3D2EF47E8E94}.AppStore|iPhoneSimulator.ActiveCfg = Debug|Any CPU
		{C63C6615-910B-450C-9AAB-3D2EF47E8E94}.AppStore|iPhoneSimulator.Build.0 = Debug|Any CPU
		{C63C6615-910B-450C-9AAB-3D2EF47E8E94}.AppStore|x64.ActiveCfg = Debug|Any CPU
		{C63C6615-910B-450C-9AAB-3D2EF47E8E94}.AppStore|x64.Build.0 = Debug|Any CPU
		{C63C6615-910B-450C-9AAB-3D2EF47E8E94}.AppStore|x86.ActiveCfg = Debug|Any CPU
		{C63C6615-910B-450C-9AAB-3D2EF47E8E94}.AppStore|x86.Build.0 = Debug|Any CPU
		{C63C6615-910B-450C-9AAB-3D2EF47E8E94}.Debug|Any CPU.ActiveCfg = Debug|Any CPU
		{C63C6615-910B-450C-9AAB-3D2EF47E8E94}.Debug|Any CPU.Build.0 = Debug|Any CPU
		{C63C6615-910B-450C-9AAB-3D2EF47E8E94}.Debug|ARM.ActiveCfg = Debug|Any CPU
		{C63C6615-910B-450C-9AAB-3D2EF47E8E94}.Debug|ARM.Build.0 = Debug|Any CPU
		{C63C6615-910B-450C-9AAB-3D2EF47E8E94}.Debug|iPhone.ActiveCfg = Debug|Any CPU
		{C63C6615-910B-450C-9AAB-3D2EF47E8E94}.Debug|iPhone.Build.0 = Debug|Any CPU
		{C63C6615-910B-450C-9AAB-3D2EF47E8E94}.Debug|iPhoneSimulator.ActiveCfg = Debug|Any CPU
		{C63C6615-910B-450C-9AAB-3D2EF47E8E94}.Debug|iPhoneSimulator.Build.0 = Debug|Any CPU
		{C63C6615-910B-450C-9AAB-3D2EF47E8E94}.Debug|x64.ActiveCfg = Debug|Any CPU
		{C63C6615-910B-450C-9AAB-3D2EF47E8E94}.Debug|x64.Build.0 = Debug|Any CPU
		{C63C6615-910B-450C-9AAB-3D2EF47E8E94}.Debug|x86.ActiveCfg = Debug|Any CPU
		{C63C6615-910B-450C-9AAB-3D2EF47E8E94}.Debug|x86.Build.0 = Debug|Any CPU
		{C63C6615-910B-450C-9AAB-3D2EF47E8E94}.Release|Any CPU.ActiveCfg = Release|Any CPU
		{C63C6615-910B-450C-9AAB-3D2EF47E8E94}.Release|Any CPU.Build.0 = Release|Any CPU
		{C63C6615-910B-450C-9AAB-3D2EF47E8E94}.Release|ARM.ActiveCfg = Release|Any CPU
		{C63C6615-910B-450C-9AAB-3D2EF47E8E94}.Release|ARM.Build.0 = Release|Any CPU
		{C63C6615-910B-450C-9AAB-3D2EF47E8E94}.Release|iPhone.ActiveCfg = Release|Any CPU
		{C63C6615-910B-450C-9AAB-3D2EF47E8E94}.Release|iPhone.Build.0 = Release|Any CPU
		{C63C6615-910B-450C-9AAB-3D2EF47E8E94}.Release|iPhoneSimulator.ActiveCfg = Release|Any CPU
		{C63C6615-910B-450C-9AAB-3D2EF47E8E94}.Release|iPhoneSimulator.Build.0 = Release|Any CPU
		{C63C6615-910B-450C-9AAB-3D2EF47E8E94}.Release|x64.ActiveCfg = Release|Any CPU
		{C63C6615-910B-450C-9AAB-3D2EF47E8E94}.Release|x64.Build.0 = Release|Any CPU
		{C63C6615-910B-450C-9AAB-3D2EF47E8E94}.Release|x86.ActiveCfg = Release|Any CPU
		{C63C6615-910B-450C-9AAB-3D2EF47E8E94}.Release|x86.Build.0 = Release|Any CPU
	EndGlobalSection
	GlobalSection(SolutionProperties) = preSolution
		HideSolutionNode = FALSE
	EndGlobalSection
	GlobalSection(NestedProjects) = preSolution
		{0795FD29-D122-48F5-9856-9A0E415A7270} = {BF00E3DD-C393-4F56-827C-1F2C22C81451}
		{C841C193-8818-41BB-AD10-DE194C2CA363} = {BF00E3DD-C393-4F56-827C-1F2C22C81451}
		{DA407E48-70F4-4D9F-8104-DA55A0B6EC92} = {BF00E3DD-C393-4F56-827C-1F2C22C81451}
		{6DA1F7E8-29DF-48CA-8AA8-6D80230F0DE3} = {E48D3231-A869-4F62-99F5-882F5B0E3B0E}
		{1414DE7D-46E5-4C9B-B70F-DD074EAD9527} = {E48D3231-A869-4F62-99F5-882F5B0E3B0E}
		{DEE25EF3-C0D1-4BE2-9A31-D29EC39D7783} = {E48D3231-A869-4F62-99F5-882F5B0E3B0E}
		{D325D296-3E75-4BEB-B935-A423367900A5} = {88764124-F2D1-4DD7-B8AE-3CCCA45DA14D}
		{40DA164B-6125-4E95-AECA-CFF1A716F14D} = {88764124-F2D1-4DD7-B8AE-3CCCA45DA14D}
		{C63C6615-910B-450C-9AAB-3D2EF47E8E94} = {E48D3231-A869-4F62-99F5-882F5B0E3B0E}
	EndGlobalSection
	GlobalSection(ExtensibilityGlobals) = postSolution
		SolutionGuid = {5E998E2E-9A60-409F-806E-3ECAF909CD4E}
	EndGlobalSection
EndGlobal
